
Microsoft Visual Studio Solution File, Format Version 12.00
# Visual Studio Version 16
VisualStudioVersion = 16.0.29324.140
MinimumVisualStudioVersion = 10.0.40219.1
Project("{9A19103F-16F7-4668-BE54-9A1E7A4F7556}") = "AoC2019", "AoC2019\AoC2019.csproj", "{EE082D7E-2F7D-4D10-BAF8-7B582D754A00}"
EndProject
Project("{9A19103F-16F7-4668-BE54-9A1E7A4F7556}") = "Tests", "TestModule\Tests.csproj", "{C92CBECB-7CA8-4EF9-A706-51A9C66E2637}"
EndProject
Global
	GlobalSection(SolutionConfigurationPlatforms) = preSolution
		Debug|Any CPU = Debug|Any CPU
		Release|Any CPU = Release|Any CPU
	EndGlobalSection
	GlobalSection(ProjectConfigurationPlatforms) = postSolution
		{EE082D7E-2F7D-4D10-BAF8-7B582D754A00}.Debug|Any CPU.ActiveCfg = Debug|Any CPU
		{EE082D7E-2F7D-4D10-BAF8-7B582D754A00}.Debug|Any CPU.Build.0 = Debug|Any CPU
		{EE082D7E-2F7D-4D10-BAF8-7B582D754A00}.Release|Any CPU.ActiveCfg = Release|Any CPU
		{EE082D7E-2F7D-4D10-BAF8-7B582D754A00}.Release|Any CPU.Build.0 = Release|Any CPU
		{C92CBECB-7CA8-4EF9-A706-51A9C66E2637}.Debug|Any CPU.ActiveCfg = Debug|Any CPU
		{C92CBECB-7CA8-4EF9-A706-51A9C66E2637}.Debug|Any CPU.Build.0 = Debug|Any CPU
		{C92CBECB-7CA8-4EF9-A706-51A9C66E2637}.Release|Any CPU.ActiveCfg = Release|Any CPU
		{C92CBECB-7CA8-4EF9-A706-51A9C66E2637}.Release|Any CPU.Build.0 = Release|Any CPU
	EndGlobalSection
	GlobalSection(SolutionProperties) = preSolution
		HideSolutionNode = FALSE
	EndGlobalSection
	GlobalSection(ExtensibilityGlobals) = postSolution
		SolutionGuid = {DECE4E0D-5FCE-4275-B432-D8839FBFF5A8}
	EndGlobalSection
EndGlobal
